
Microsoft Visual Studio Solution File, Format Version 12.00
# Visual Studio Version 17
VisualStudioVersion = 17.10.35004.147
MinimumVisualStudioVersion = 10.0.40219.1
Project("{FAE04EC0-301F-11D3-BF4B-00C04F79EFBC}") = "digitaldock", "digitaldock\digitaldock.csproj", "{E834BEA8-9DBA-45D9-A643-20DB4D076FD7}"
EndProject
Global
	GlobalSection(SolutionConfigurationPlatforms) = preSolution
		Debug|Any CPU = Debug|Any CPU
		Release|Any CPU = Release|Any CPU
	EndGlobalSection
	GlobalSection(ProjectConfigurationPlatforms) = postSolution
		{E834BEA8-9DBA-45D9-A643-20DB4D076FD7}.Debug|Any CPU.ActiveCfg = Debug|Any CPU
		{E834BEA8-9DBA-45D9-A643-20DB4D076FD7}.Debug|Any CPU.Build.0 = Debug|Any CPU
		{E834BEA8-9DBA-45D9-A643-20DB4D076FD7}.Release|Any CPU.ActiveCfg = Release|Any CPU
		{E834BEA8-9DBA-45D9-A643-20DB4D076FD7}.Release|Any CPU.Build.0 = Release|Any CPU
	EndGlobalSection
	GlobalSection(SolutionProperties) = preSolution
		HideSolutionNode = FALSE
	EndGlobalSection
	GlobalSection(ExtensibilityGlobals) = postSolution
		SolutionGuid = {BD8640B2-6B27-43DC-9D40-076B8AEF2787}
	EndGlobalSection
EndGlobal
